
Microsoft Visual Studio Solution File, Format Version 12.00
# Visual Studio 15
VisualStudioVersion = 15.0.27004.2008
MinimumVisualStudioVersion = 10.0.40219.1
Project("{2150E333-8FDC-42A3-9474-1A3956D46DE8}") = "Serilog", "Serilog", "{5E7D8104-8602-4DE3-9336-8DC02B85E05F}"
EndProject
Project("{FAE04EC0-301F-11D3-BF4B-00C04F79EFBC}") = "SerilogEnrichments", "Serilog\SerilogEnrichments\SerilogEnrichments.csproj", "{29702454-9E73-429D-9618-17704A933A7A}"
EndProject
Global
	GlobalSection(SolutionConfigurationPlatforms) = preSolution
		Debug|Any CPU = Debug|Any CPU
		Release|Any CPU = Release|Any CPU
	EndGlobalSection
	GlobalSection(ProjectConfigurationPlatforms) = postSolution
		{29702454-9E73-429D-9618-17704A933A7A}.Debug|Any CPU.ActiveCfg = Debug|Any CPU
		{29702454-9E73-429D-9618-17704A933A7A}.Debug|Any CPU.Build.0 = Debug|Any CPU
		{29702454-9E73-429D-9618-17704A933A7A}.Release|Any CPU.ActiveCfg = Release|Any CPU
		{29702454-9E73-429D-9618-17704A933A7A}.Release|Any CPU.Build.0 = Release|Any CPU
	EndGlobalSection
	GlobalSection(SolutionProperties) = preSolution
		HideSolutionNode = FALSE
	EndGlobalSection
	GlobalSection(NestedProjects) = preSolution
		{29702454-9E73-429D-9618-17704A933A7A} = {5E7D8104-8602-4DE3-9336-8DC02B85E05F}
	EndGlobalSection
	GlobalSection(ExtensibilityGlobals) = postSolution
		SolutionGuid = {78B4C9CF-B500-4E54-83F3-8C3F07FD2AEB}
	EndGlobalSection
EndGlobal
